{
  "name": "online-synth",
  "version": "1.0.0",
  "lockfileVersion": 1,
  "requires": true,
  "dependencies": {
    "octavian": {
      "version": "2.2.0",
      "resolved": "https://registry.npmjs.org/octavian/-/octavian-2.2.0.tgz",
      "integrity": "sha1-0TAY5G5bKAInJ2hsBp7mEnf5m4E="
    },
    "portable-synthesizer": {
      "version": "1.0.1",
      "resolved": "https://registry.npmjs.org/portable-synthesizer/-/portable-synthesizer-1.0.1.tgz",
      "integrity": "sha512-xbse5bLDllU563FeotWC4ucmkKlyuZKQDjin8mAT6+G4v/CmRfqLWTYWwAyAWt/kTdgzZX/G04eXfdad9LOC4g==",
      "requires": {
        "octavian": "^2.2.0"
      }
    }
  }
}
